
Microsoft Visual Studio Solution File, Format Version 12.00
# Visual Studio Version 16
VisualStudioVersion = 16.0.30717.126
MinimumVisualStudioVersion = 10.0.40219.1
Project("{FAE04EC0-301F-11D3-BF4B-00C04F79EFBC}") = "APItask", "APItask\APItask.csproj", "{BD851C49-D93F-42ED-AB72-7BF6768FCCD8}"
EndProject
Global
	GlobalSection(SolutionConfigurationPlatforms) = preSolution
		Debug|Any CPU = Debug|Any CPU
		Release|Any CPU = Release|Any CPU
	EndGlobalSection
	GlobalSection(ProjectConfigurationPlatforms) = postSolution
		{BD851C49-D93F-42ED-AB72-7BF6768FCCD8}.Debug|Any CPU.ActiveCfg = Debug|Any CPU
		{BD851C49-D93F-42ED-AB72-7BF6768FCCD8}.Debug|Any CPU.Build.0 = Debug|Any CPU
		{BD851C49-D93F-42ED-AB72-7BF6768FCCD8}.Release|Any CPU.ActiveCfg = Release|Any CPU
		{BD851C49-D93F-42ED-AB72-7BF6768FCCD8}.Release|Any CPU.Build.0 = Release|Any CPU
	EndGlobalSection
	GlobalSection(SolutionProperties) = preSolution
		HideSolutionNode = FALSE
	EndGlobalSection
	GlobalSection(ExtensibilityGlobals) = postSolution
		SolutionGuid = {AA1C160F-6D57-4D12-81A9-0BBD4736B7F1}
	EndGlobalSection
EndGlobal
